// !$*UTF8*$!
{
	archiveVersion = 1;
	classes = {
	};
	objectVersion = 46;
	objects = {

/* Begin PBXBuildFile section */
		57548D871535E5630084C420 /* NSManagedObject+VPPCDActiveRecord.m in Sources */ = {isa = PBXBuildFile; fileRef = 57548D7D1535E5630084C420 /* NSManagedObject+VPPCDActiveRecord.m */; };
		57548D881535E5630084C420 /* NSManagedObjectContext+VPPCDActiveRecord.m in Sources */ = {isa = PBXBuildFile; fileRef = 57548D7F1535E5630084C420 /* NSManagedObjectContext+VPPCDActiveRecord.m */; };
		57548D891535E5630084C420 /* NSSortDescriptor+VPPCoreData.m in Sources */ = {isa = PBXBuildFile; fileRef = 57548D811535E5630084C420 /* NSSortDescriptor+VPPCoreData.m */; };
		57548D8A1535E5630084C420 /* VPPCoreData.m in Sources */ = {isa = PBXBuildFile; fileRef = 57548D841535E5630084C420 /* VPPCoreData.m */; };
		57548D8D1535E8530084C420 /* NSManagedObjectContext+VPPCoreData.m in Sources */ = {isa = PBXBuildFile; fileRef = 57548D8C1535E8530084C420 /* NSManagedObjectContext+VPPCoreData.m */; };
		57816AAB14EA5A3400DD1052 /* CoreData.framework in Frameworks */ = {isa = PBXBuildFile; fileRef = 57816AAA14EA5A3400DD1052 /* CoreData.framework */; };
		57816AB314EA7F0600DD1052 /* Model.xcdatamodeld in Sources */ = {isa = PBXBuildFile; fileRef = 57816AB114EA7F0600DD1052 /* Model.xcdatamodeld */; };
		57816AB614EA7F3D00DD1052 /* Quote.m in Sources */ = {isa = PBXBuildFile; fileRef = 57816AB514EA7F3D00DD1052 /* Quote.m */; };
		57816AB914EA7F5C00DD1052 /* Service.m in Sources */ = {isa = PBXBuildFile; fileRef = 57816AB814EA7F5C00DD1052 /* Service.m */; };
		57816ABC14EA815200DD1052 /* QuotesViewController.m in Sources */ = {isa = PBXBuildFile; fileRef = 57816ABB14EA815200DD1052 /* QuotesViewController.m */; };
		57F4A1D814EA586A0048D821 /* UIKit.framework in Frameworks */ = {isa = PBXBuildFile; fileRef = 57F4A1D714EA586A0048D821 /* UIKit.framework */; };
		57F4A1DA14EA586A0048D821 /* Foundation.framework in Frameworks */ = {isa = PBXBuildFile; fileRef = 57F4A1D914EA586A0048D821 /* Foundation.framework */; };
		57F4A1DC14EA586A0048D821 /* CoreGraphics.framework in Frameworks */ = {isa = PBXBuildFile; fileRef = 57F4A1DB14EA586A0048D821 /* CoreGraphics.framework */; };
		57F4A1E214EA586A0048D821 /* InfoPlist.strings in Resources */ = {isa = PBXBuildFile; fileRef = 57F4A1E014EA586A0048D821 /* InfoPlist.strings */; };
		57F4A1E414EA586A0048D821 /* main.m in Sources */ = {isa = PBXBuildFile; fileRef = 57F4A1E314EA586A0048D821 /* main.m */; };
		57F4A1E814EA586A0048D821 /* AppDelegate.m in Sources */ = {isa = PBXBuildFile; fileRef = 57F4A1E714EA586A0048D821 /* AppDelegate.m */; };
/* End PBXBuildFile section */

/* Begin PBXFileReference section */
		57548D7C1535E5630084C420 /* NSManagedObject+VPPCDActiveRecord.h */ = {isa = PBXFileReference; fileEncoding = 4; path = "NSManagedObject+VPPCDActiveRecord.h"; sourceTree = "<group>"; };
		57548D7D1535E5630084C420 /* NSManagedObject+VPPCDActiveRecord.m */ = {isa = PBXFileReference; fileEncoding = 4; lastKnownFileType = sourcecode.c.objc; path = "NSManagedObject+VPPCDActiveRecord.m"; sourceTree = "<group>"; };
		57548D7E1535E5630084C420 /* NSManagedObjectContext+VPPCDActiveRecord.h */ = {isa = PBXFileReference; fileEncoding = 4; path = "NSManagedObjectContext+VPPCDActiveRecord.h"; sourceTree = "<group>"; };
		57548D7F1535E5630084C420 /* NSManagedObjectContext+VPPCDActiveRecord.m */ = {isa = PBXFileReference; fileEncoding = 4; lastKnownFileType = sourcecode.c.objc; path = "NSManagedObjectContext+VPPCDActiveRecord.m"; sourceTree = "<group>"; };
		57548D801535E5630084C420 /* NSSortDescriptor+VPPCoreData.h */ = {isa = PBXFileReference; fileEncoding = 4; lastKnownFileType = sourcecode.c.h; path = "NSSortDescriptor+VPPCoreData.h"; sourceTree = "<group>"; };
		57548D811535E5630084C420 /* NSSortDescriptor+VPPCoreData.m */ = {isa = PBXFileReference; fileEncoding = 4; lastKnownFileType = sourcecode.c.objc; path = "NSSortDescriptor+VPPCoreData.m"; sourceTree = "<group>"; };
		57548D821535E5630084C420 /* SynthesizeSingleton.h */ = {isa = PBXFileReference; fileEncoding = 4; lastKnownFileType = sourcecode.c.h; path = SynthesizeSingleton.h; sourceTree = "<group>"; };
		57548D831535E5630084C420 /* VPPCoreData.h */ = {isa = PBXFileReference; fileEncoding = 4; lastKnownFileType = sourcecode.c.h; path = VPPCoreData.h; sourceTree = "<group>"; };
		57548D841535E5630084C420 /* VPPCoreData.m */ = {isa = PBXFileReference; fileEncoding = 4; lastKnownFileType = sourcecode.c.objc; path = VPPCoreData.m; sourceTree = "<group>"; };
		57548D851535E5630084C420 /* VPPCoreDataActiveRecord.h */ = {isa = PBXFileReference; fileEncoding = 4; lastKnownFileType = sourcecode.c.h; path = VPPCoreDataActiveRecord.h; sourceTree = "<group>"; };
		57548D861535E5630084C420 /* VPPCoreDataActiveRecordProtocol.h */ = {isa = PBXFileReference; fileEncoding = 4; lastKnownFileType = sourcecode.c.h; path = VPPCoreDataActiveRecordProtocol.h; sourceTree = "<group>"; };
		57548D8B1535E8530084C420 /* NSManagedObjectContext+VPPCoreData.h */ = {isa = PBXFileReference; fileEncoding = 4; path = "NSManagedObjectContext+VPPCoreData.h"; sourceTree = "<group>"; };
		57548D8C1535E8530084C420 /* NSManagedObjectContext+VPPCoreData.m */ = {isa = PBXFileReference; fileEncoding = 4; lastKnownFileType = sourcecode.c.objc; path = "NSManagedObjectContext+VPPCoreData.m"; sourceTree = "<group>"; };
		57816AAA14EA5A3400DD1052 /* CoreData.framework */ = {isa = PBXFileReference; lastKnownFileType = wrapper.framework; name = CoreData.framework; path = System/Library/Frameworks/CoreData.framework; sourceTree = SDKROOT; };
		57816AB214EA7F0600DD1052 /* Model.xcdatamodel */ = {isa = PBXFileReference; lastKnownFileType = wrapper.xcdatamodel; path = Model.xcdatamodel; sourceTree = "<group>"; };
		57816AB414EA7F3D00DD1052 /* Quote.h */ = {isa = PBXFileReference; fileEncoding = 4; lastKnownFileType = sourcecode.c.h; path = Quote.h; sourceTree = "<group>"; };
		57816AB514EA7F3D00DD1052 /* Quote.m */ = {isa = PBXFileReference; fileEncoding = 4; lastKnownFileType = sourcecode.c.objc; path = Quote.m; sourceTree = "<group>"; };
		57816AB714EA7F5C00DD1052 /* Service.h */ = {isa = PBXFileReference; fileEncoding = 4; lastKnownFileType = sourcecode.c.h; path = Service.h; sourceTree = "<group>"; };
		57816AB814EA7F5C00DD1052 /* Service.m */ = {isa = PBXFileReference; fileEncoding = 4; lastKnownFileType = sourcecode.c.objc; path = Service.m; sourceTree = "<group>"; };
		57816ABA14EA815200DD1052 /* QuotesViewController.h */ = {isa = PBXFileReference; fileEncoding = 4; lastKnownFileType = sourcecode.c.h; path = QuotesViewController.h; sourceTree = "<group>"; };
		57816ABB14EA815200DD1052 /* QuotesViewController.m */ = {isa = PBXFileReference; fileEncoding = 4; lastKnownFileType = sourcecode.c.objc; path = QuotesViewController.m; sourceTree = "<group>"; };
		57F4A1D314EA586A0048D821 /* VPPCoreDataExample.app */ = {isa = PBXFileReference; explicitFileType = wrapper.application; includeInIndex = 0; path = VPPCoreDataExample.app; sourceTree = BUILT_PRODUCTS_DIR; };
		57F4A1D714EA586A0048D821 /* UIKit.framework */ = {isa = PBXFileReference; lastKnownFileType = wrapper.framework; name = UIKit.framework; path = System/Library/Frameworks/UIKit.framework; sourceTree = SDKROOT; };
		57F4A1D914EA586A0048D821 /* Foundation.framework */ = {isa = PBXFileReference; lastKnownFileType = wrapper.framework; name = Foundation.framework; path = System/Library/Frameworks/Foundation.framework; sourceTree = SDKROOT; };
		57F4A1DB14EA586A0048D821 /* CoreGraphics.framework */ = {isa = PBXFileReference; lastKnownFileType = wrapper.framework; name = CoreGraphics.framework; path = System/Library/Frameworks/CoreGraphics.framework; sourceTree = SDKROOT; };
		57F4A1DF14EA586A0048D821 /* VPPCoreDataExample-Info.plist */ = {isa = PBXFileReference; lastKnownFileType = text.plist.xml; path = "VPPCoreDataExample-Info.plist"; sourceTree = "<group>"; };
		57F4A1E114EA586A0048D821 /* en */ = {isa = PBXFileReference; lastKnownFileType = text.plist.strings; name = en; path = en.lproj/InfoPlist.strings; sourceTree = "<group>"; };
		57F4A1E314EA586A0048D821 /* main.m */ = {isa = PBXFileReference; lastKnownFileType = sourcecode.c.objc; path = main.m; sourceTree = "<group>"; };
		57F4A1E514EA586A0048D821 /* VPPCoreDataExample-Prefix.pch */ = {isa = PBXFileReference; lastKnownFileType = sourcecode.c.h; path = "VPPCoreDataExample-Prefix.pch"; sourceTree = "<group>"; };
		57F4A1E614EA586A0048D821 /* AppDelegate.h */ = {isa = PBXFileReference; lastKnownFileType = sourcecode.c.h; path = AppDelegate.h; sourceTree = "<group>"; };
		57F4A1E714EA586A0048D821 /* AppDelegate.m */ = {isa = PBXFileReference; lastKnownFileType = sourcecode.c.objc; path = AppDelegate.m; sourceTree = "<group>"; };
/* End PBXFileReference section */

/* Begin PBXFrameworksBuildPhase section */
		57F4A1D014EA586A0048D821 /* Frameworks */ = {
			isa = PBXFrameworksBuildPhase;
			buildActionMask = 2147483647;
			files = (
				57816AAB14EA5A3400DD1052 /* CoreData.framework in Frameworks */,
				57F4A1D814EA586A0048D821 /* UIKit.framework in Frameworks */,
				57F4A1DA14EA586A0048D821 /* Foundation.framework in Frameworks */,
				57F4A1DC14EA586A0048D821 /* CoreGraphics.framework in Frameworks */,
			);
			runOnlyForDeploymentPostprocessing = 0;
		};
/* End PBXFrameworksBuildPhase section */

/* Begin PBXGroup section */
		57548D7A1535E5630084C420 /* VPPCoreData */ = {
			isa = PBXGroup;
			children = (
				57548D7B1535E5630084C420 /* Categories */,
				57548D821535E5630084C420 /* SynthesizeSingleton.h */,
				57548D831535E5630084C420 /* VPPCoreData.h */,
				57548D841535E5630084C420 /* VPPCoreData.m */,
				57548D851535E5630084C420 /* VPPCoreDataActiveRecord.h */,
				57548D861535E5630084C420 /* VPPCoreDataActiveRecordProtocol.h */,
			);
			path = VPPCoreData;
			sourceTree = SOURCE_ROOT;
		};
		57548D7B1535E5630084C420 /* Categories */ = {
			isa = PBXGroup;
			children = (
				57548D7C1535E5630084C420 /* NSManagedObject+VPPCDActiveRecord.h */,
				57548D7D1535E5630084C420 /* NSManagedObject+VPPCDActiveRecord.m */,
				57548D7E1535E5630084C420 /* NSManagedObjectContext+VPPCDActiveRecord.h */,
				57548D7F1535E5630084C420 /* NSManagedObjectContext+VPPCDActiveRecord.m */,
				57548D801535E5630084C420 /* NSSortDescriptor+VPPCoreData.h */,
				57548D811535E5630084C420 /* NSSortDescriptor+VPPCoreData.m */,
				57548D8B1535E8530084C420 /* NSManagedObjectContext+VPPCoreData.h */,
				57548D8C1535E8530084C420 /* NSManagedObjectContext+VPPCoreData.m */,
			);
			path = Categories;
			sourceTree = "<group>";
		};
		57816AB014EA7F0600DD1052 /* Model */ = {
			isa = PBXGroup;
			children = (
				57816AB114EA7F0600DD1052 /* Model.xcdatamodeld */,
				57816AB414EA7F3D00DD1052 /* Quote.h */,
				57816AB514EA7F3D00DD1052 /* Quote.m */,
				57816AB714EA7F5C00DD1052 /* Service.h */,
				57816AB814EA7F5C00DD1052 /* Service.m */,
			);
			path = Model;
			sourceTree = "<group>";
		};
		57F4A1C814EA586A0048D821 = {
			isa = PBXGroup;
			children = (
				57F4A1DD14EA586A0048D821 /* VPPCoreDataExample */,
				57F4A1D614EA586A0048D821 /* Frameworks */,
				57F4A1D414EA586A0048D821 /* Products */,
			);
			sourceTree = "<group>";
		};
		57F4A1D414EA586A0048D821 /* Products */ = {
			isa = PBXGroup;
			children = (
				57F4A1D314EA586A0048D821 /* VPPCoreDataExample.app */,
			);
			name = Products;
			sourceTree = "<group>";
		};
		57F4A1D614EA586A0048D821 /* Frameworks */ = {
			isa = PBXGroup;
			children = (
				57816AAA14EA5A3400DD1052 /* CoreData.framework */,
				57F4A1D714EA586A0048D821 /* UIKit.framework */,
				57F4A1D914EA586A0048D821 /* Foundation.framework */,
				57F4A1DB14EA586A0048D821 /* CoreGraphics.framework */,
			);
			name = Frameworks;
			sourceTree = "<group>";
		};
		57F4A1DD14EA586A0048D821 /* VPPCoreDataExample */ = {
			isa = PBXGroup;
			children = (
				57548D7A1535E5630084C420 /* VPPCoreData */,
				57816AB014EA7F0600DD1052 /* Model */,
				57F4A1E614EA586A0048D821 /* AppDelegate.h */,
				57F4A1E714EA586A0048D821 /* AppDelegate.m */,
				57F4A1DE14EA586A0048D821 /* Supporting Files */,
				57816ABA14EA815200DD1052 /* QuotesViewController.h */,
				57816ABB14EA815200DD1052 /* QuotesViewController.m */,
			);
			path = VPPCoreDataExample;
			sourceTree = "<group>";
		};
		57F4A1DE14EA586A0048D821 /* Supporting Files */ = {
			isa = PBXGroup;
			children = (
				57F4A1DF14EA586A0048D821 /* VPPCoreDataExample-Info.plist */,
				57F4A1E014EA586A0048D821 /* InfoPlist.strings */,
				57F4A1E314EA586A0048D821 /* main.m */,
				57F4A1E514EA586A0048D821 /* VPPCoreDataExample-Prefix.pch */,
			);
			name = "Supporting Files";
			sourceTree = "<group>";
		};
/* End PBXGroup section */

/* Begin PBXNativeTarget section */
		57F4A1D214EA586A0048D821 /* VPPCoreDataExample */ = {
			isa = PBXNativeTarget;
			buildConfigurationList = 57F4A1EB14EA586A0048D821 /* Build configuration list for PBXNativeTarget "VPPCoreDataExample" */;
			buildPhases = (
				57F4A1CF14EA586A0048D821 /* Sources */,
				57F4A1D014EA586A0048D821 /* Frameworks */,
				57F4A1D114EA586A0048D821 /* Resources */,
			);
			buildRules = (
			);
			dependencies = (
			);
			name = VPPCoreDataExample;
			productName = VPPCoreDataExample;
			productReference = 57F4A1D314EA586A0048D821 /* VPPCoreDataExample.app */;
			productType = "com.apple.product-type.application";
		};
/* End PBXNativeTarget section */

/* Begin PBXProject section */
		57F4A1CA14EA586A0048D821 /* Project object */ = {
			isa = PBXProject;
			attributes = {
				LastUpgradeCheck = 0420;
			};
			buildConfigurationList = 57F4A1CD14EA586A0048D821 /* Build configuration list for PBXProject "VPPCoreDataExample" */;
			compatibilityVersion = "Xcode 3.2";
			developmentRegion = English;
			hasScannedForEncodings = 0;
			knownRegions = (
				en,
			);
			mainGroup = 57F4A1C814EA586A0048D821;
			productRefGroup = 57F4A1D414EA586A0048D821 /* Products */;
			projectDirPath = "";
			projectRoot = "";
			targets = (
				57F4A1D214EA586A0048D821 /* VPPCoreDataExample */,
			);
		};
/* End PBXProject section */

/* Begin PBXResourcesBuildPhase section */
		57F4A1D114EA586A0048D821 /* Resources */ = {
			isa = PBXResourcesBuildPhase;
			buildActionMask = 2147483647;
			files = (
				57F4A1E214EA586A0048D821 /* InfoPlist.strings in Resources */,
			);
			runOnlyForDeploymentPostprocessing = 0;
		};
/* End PBXResourcesBuildPhase section */

/* Begin PBXSourcesBuildPhase section */
		57F4A1CF14EA586A0048D821 /* Sources */ = {
			isa = PBXSourcesBuildPhase;
			buildActionMask = 2147483647;
			files = (
				57F4A1E414EA586A0048D821 /* main.m in Sources */,
				57F4A1E814EA586A0048D821 /* AppDelegate.m in Sources */,
				57816AB314EA7F0600DD1052 /* Model.xcdatamodeld in Sources */,
				57816AB614EA7F3D00DD1052 /* Quote.m in Sources */,
				57816AB914EA7F5C00DD1052 /* Service.m in Sources */,
				57816ABC14EA815200DD1052 /* QuotesViewController.m in Sources */,
				57548D871535E5630084C420 /* NSManagedObject+VPPCDActiveRecord.m in Sources */,
				57548D881535E5630084C420 /* NSManagedObjectContext+VPPCDActiveRecord.m in Sources */,
				57548D891535E5630084C420 /* NSSortDescriptor+VPPCoreData.m in Sources */,
				57548D8A1535E5630084C420 /* VPPCoreData.m in Sources */,
				57548D8D1535E8530084C420 /* NSManagedObjectContext+VPPCoreData.m in Sources */,
			);
			runOnlyForDeploymentPostprocessing = 0;
		};
/* End PBXSourcesBuildPhase section */

/* Begin PBXVariantGroup section */
		57F4A1E014EA586A0048D821 /* InfoPlist.strings */ = {
			isa = PBXVariantGroup;
			children = (
				57F4A1E114EA586A0048D821 /* en */,
			);
			name = InfoPlist.strings;
			sourceTree = "<group>";
		};
/* End PBXVariantGroup section */

/* Begin XCBuildConfiguration section */
		57F4A1E914EA586A0048D821 /* Debug */ = {
			isa = XCBuildConfiguration;
			buildSettings = {
				ALWAYS_SEARCH_USER_PATHS = NO;
				ARCHS = "$(ARCHS_STANDARD_32_BIT)";
				"CODE_SIGN_IDENTITY[sdk=iphoneos*]" = "iPhone Developer";
				COPY_PHASE_STRIP = NO;
				GCC_C_LANGUAGE_STANDARD = gnu99;
				GCC_DYNAMIC_NO_PIC = NO;
				GCC_OPTIMIZATION_LEVEL = 0;
				GCC_PREPROCESSOR_DEFINITIONS = (
					"DEBUG=1",
					"$(inherited)",
				);
				GCC_SYMBOLS_PRIVATE_EXTERN = NO;
				GCC_VERSION = com.apple.compilers.llvm.clang.1_0;
				GCC_WARN_ABOUT_MISSING_PROTOTYPES = YES;
				GCC_WARN_ABOUT_RETURN_TYPE = YES;
				GCC_WARN_UNUSED_VARIABLE = YES;
				IPHONEOS_DEPLOYMENT_TARGET = 5.0;
				SDKROOT = iphoneos;
			};
			name = Debug;
		};
		57F4A1EA14EA586A0048D821 /* Release */ = {
			isa = XCBuildConfiguration;
			buildSettings = {
				ALWAYS_SEARCH_USER_PATHS = NO;
				ARCHS = "$(ARCHS_STANDARD_32_BIT)";
				"CODE_SIGN_IDENTITY[sdk=iphoneos*]" = "iPhone Developer";
				COPY_PHASE_STRIP = YES;
				GCC_C_LANGUAGE_STANDARD = gnu99;
				GCC_VERSION = com.apple.compilers.llvm.clang.1_0;
				GCC_WARN_ABOUT_MISSING_PROTOTYPES = YES;
				GCC_WARN_ABOUT_RETURN_TYPE = YES;
				GCC_WARN_UNUSED_VARIABLE = YES;
				IPHONEOS_DEPLOYMENT_TARGET = 5.0;
				OTHER_CFLAGS = "-DNS_BLOCK_ASSERTIONS=1";
				SDKROOT = iphoneos;
				VALIDATE_PRODUCT = YES;
			};
			name = Release;
		};
		57F4A1EC14EA586A0048D821 /* Debug */ = {
			isa = XCBuildConfiguration;
			buildSettings = {
				GCC_PRECOMPILE_PREFIX_HEADER = YES;
				GCC_PREFIX_HEADER = "VPPCoreDataExample/VPPCoreDataExample-Prefix.pch";
				INFOPLIST_FILE = "VPPCoreDataExample/VPPCoreDataExample-Info.plist";
				PRODUCT_NAME = "$(TARGET_NAME)";
				WRAPPER_EXTENSION = app;
			};
			name = Debug;
		};
		57F4A1ED14EA586A0048D821 /* Release */ = {
			isa = XCBuildConfiguration;
			buildSettings = {
				GCC_PRECOMPILE_PREFIX_HEADER = YES;
				GCC_PREFIX_HEADER = "VPPCoreDataExample/VPPCoreDataExample-Prefix.pch";
				INFOPLIST_FILE = "VPPCoreDataExample/VPPCoreDataExample-Info.plist";
				PRODUCT_NAME = "$(TARGET_NAME)";
				WRAPPER_EXTENSION = app;
			};
			name = Release;
		};
/* End XCBuildConfiguration section */

/* Begin XCConfigurationList section */
		57F4A1CD14EA586A0048D821 /* Build configuration list for PBXProject "VPPCoreDataExample" */ = {
			isa = XCConfigurationList;
			buildConfigurations = (
				57F4A1E914EA586A0048D821 /* Debug */,
				57F4A1EA14EA586A0048D821 /* Release */,
			);
			defaultConfigurationIsVisible = 0;
			defaultConfigurationName = Release;
		};
		57F4A1EB14EA586A0048D821 /* Build configuration list for PBXNativeTarget "VPPCoreDataExample" */ = {
			isa = XCConfigurationList;
			buildConfigurations = (
				57F4A1EC14EA586A0048D821 /* Debug */,
				57F4A1ED14EA586A0048D821 /* Release */,
			);
			defaultConfigurationIsVisible = 0;
			defaultConfigurationName = Release;
		};
/* End XCConfigurationList section */

/* Begin XCVersionGroup section */
		57816AB114EA7F0600DD1052 /* Model.xcdatamodeld */ = {
			isa = XCVersionGroup;
			children = (
				57816AB214EA7F0600DD1052 /* Model.xcdatamodel */,
			);
			currentVersion = 57816AB214EA7F0600DD1052 /* Model.xcdatamodel */;
			path = Model.xcdatamodeld;
			sourceTree = "<group>";
			versionGroupType = wrapper.xcdatamodel;
		};
/* End XCVersionGroup section */
	};
	rootObject = 57F4A1CA14EA586A0048D821 /* Project object */;
}
